
Microsoft Visual Studio Solution File, Format Version 12.00
# Visual Studio Version 17
VisualStudioVersion = 17.7.34024.191
MinimumVisualStudioVersion = 10.0.40219.1
Project("{54A90642-561A-4BB1-A94E-469ADEE60C69}") = "reactproject1", "reactproject1.esproj", "{155892C3-C63D-40BA-80EF-7791EB1C8C11}"
EndProject
Global
	GlobalSection(SolutionConfigurationPlatforms) = preSolution
		Debug|Any CPU = Debug|Any CPU
		Release|Any CPU = Release|Any CPU
	EndGlobalSection
	GlobalSection(ProjectConfigurationPlatforms) = postSolution
		{155892C3-C63D-40BA-80EF-7791EB1C8C11}.Debug|Any CPU.ActiveCfg = Debug|Any CPU
		{155892C3-C63D-40BA-80EF-7791EB1C8C11}.Debug|Any CPU.Build.0 = Debug|Any CPU
		{155892C3-C63D-40BA-80EF-7791EB1C8C11}.Debug|Any CPU.Deploy.0 = Debug|Any CPU
		{155892C3-C63D-40BA-80EF-7791EB1C8C11}.Release|Any CPU.ActiveCfg = Release|Any CPU
		{155892C3-C63D-40BA-80EF-7791EB1C8C11}.Release|Any CPU.Build.0 = Release|Any CPU
		{155892C3-C63D-40BA-80EF-7791EB1C8C11}.Release|Any CPU.Deploy.0 = Release|Any CPU
	EndGlobalSection
	GlobalSection(SolutionProperties) = preSolution
		HideSolutionNode = FALSE
	EndGlobalSection
	GlobalSection(ExtensibilityGlobals) = postSolution
		SolutionGuid = {F7E32427-8469-452E-8F2C-B76D3F76DDB1}
	EndGlobalSection
EndGlobal
